
Microsoft Visual Studio Solution File, Format Version 12.00
# Visual Studio Version 16
VisualStudioVersion = 16.0.30804.86
MinimumVisualStudioVersion = 10.0.40219.1
Project("{9A19103F-16F7-4668-BE54-9A1E7A4F7556}") = "KoreFlex", "KoreFlex\KoreFlex.csproj", "{4B29E2D6-FE03-4C39-A019-8900718C2190}"
EndProject
Project("{FAE04EC0-301F-11D3-BF4B-00C04F79EFBC}") = "DAL", "DAL\DAL.csproj", "{AE98886C-7A6D-4A39-8303-BECCAA80C4C8}"
EndProject
Project("{FAE04EC0-301F-11D3-BF4B-00C04F79EFBC}") = "BusinessLogic", "BusinessLogic\BusinessLogic.csproj", "{E61128ED-A23D-4130-8037-E2A04BE6C5A3}"
EndProject
Global
	GlobalSection(SolutionConfigurationPlatforms) = preSolution
		Debug|Any CPU = Debug|Any CPU
		Release|Any CPU = Release|Any CPU
	EndGlobalSection
	GlobalSection(ProjectConfigurationPlatforms) = postSolution
		{4B29E2D6-FE03-4C39-A019-8900718C2190}.Debug|Any CPU.ActiveCfg = Debug|Any CPU
		{4B29E2D6-FE03-4C39-A019-8900718C2190}.Debug|Any CPU.Build.0 = Debug|Any CPU
		{4B29E2D6-FE03-4C39-A019-8900718C2190}.Release|Any CPU.ActiveCfg = Release|Any CPU
		{4B29E2D6-FE03-4C39-A019-8900718C2190}.Release|Any CPU.Build.0 = Release|Any CPU
		{AE98886C-7A6D-4A39-8303-BECCAA80C4C8}.Debug|Any CPU.ActiveCfg = Debug|Any CPU
		{AE98886C-7A6D-4A39-8303-BECCAA80C4C8}.Debug|Any CPU.Build.0 = Debug|Any CPU
		{AE98886C-7A6D-4A39-8303-BECCAA80C4C8}.Release|Any CPU.ActiveCfg = Release|Any CPU
		{AE98886C-7A6D-4A39-8303-BECCAA80C4C8}.Release|Any CPU.Build.0 = Release|Any CPU
		{E61128ED-A23D-4130-8037-E2A04BE6C5A3}.Debug|Any CPU.ActiveCfg = Debug|Any CPU
		{E61128ED-A23D-4130-8037-E2A04BE6C5A3}.Debug|Any CPU.Build.0 = Debug|Any CPU
		{E61128ED-A23D-4130-8037-E2A04BE6C5A3}.Release|Any CPU.ActiveCfg = Release|Any CPU
		{E61128ED-A23D-4130-8037-E2A04BE6C5A3}.Release|Any CPU.Build.0 = Release|Any CPU
	EndGlobalSection
	GlobalSection(SolutionProperties) = preSolution
		HideSolutionNode = FALSE
	EndGlobalSection
	GlobalSection(ExtensibilityGlobals) = postSolution
		SolutionGuid = {CB63AB52-DB5D-4843-9D0F-5E194C6C2D18}
	EndGlobalSection
EndGlobal
